{
  "version": 4,
  "terraform_version": "1.0.7",
  "serial": 34,
  "lineage": "5fb53257-68cf-ce4e-f492-2c9037e3049d",
  "outputs": {},
  "resources": [
    {
      "mode": "managed",
      "type": "google_container_cluster",
      "name": "primary",
      "provider": "provider[\"registry.terraform.io/hashicorp/google\"]",
      "instances": [
        {
          "index_key": "gke_cluster_test1",
          "schema_version": 1,
          "attributes": {
            "addons_config": [
              {
                "cloudrun_config": [],
                "horizontal_pod_autoscaling": [],
                "http_load_balancing": [],
                "network_policy_config": [
                  {
                    "disabled": true
                  }
                ]
              }
            ],
            "authenticator_groups_config": [],
            "cluster_autoscaling": [
              {
                "auto_provisioning_defaults": [],
                "enabled": false,
                "resource_limits": []
              }
            ],
            "cluster_ipv4_cidr": "10.0.0.0/14",
            "database_encryption": [
              {
                "key_name": "",
                "state": "DECRYPTED"
              }
            ],
            "datapath_provider": "",
            "default_max_pods_per_node": null,
            "default_snat_status": [
              {
                "disabled": false
              }
            ],
            "description": "",
            "enable_autopilot": false,
            "enable_binary_authorization": false,
            "enable_intranode_visibility": false,
            "enable_kubernetes_alpha": false,
            "enable_legacy_abac": false,
            "enable_shielded_nodes": false,
            "enable_tpu": false,
            "endpoint": "34.140.105.246",
            "id": "projects/myproject-7777777/locations/europe-west1/clusters/test-gke-cluster-1",
            "initial_node_count": 1,
            "instance_group_urls": [],
            "ip_allocation_policy": [],
            "label_fingerprint": "a9dc16a7",
            "location": "europe-west1",
            "logging_config": [
              {
                "enable_components": [
                  "SYSTEM_COMPONENTS",
                  "WORKLOADS"
                ]
              }
            ],
            "logging_service": "logging.googleapis.com/kubernetes",
            "maintenance_policy": [],
            "master_auth": [
              {
                "client_certificate": "",
                "client_certificate_config": [
                  {
                    "issue_client_certificate": false
                  }
                ],
                "client_key": "",
                "cluster_ca_certificate": "LS0tLS1CRUdJTiBDRVJUSUZJQ0FURS0tLS0tCk1JSUVMVENDQXBXZ0F3SUJBZ0lSQVBBbmFuVVJUeEZjTzhsV2xrNUZXVTR3RFFZSktvWklodmNOQVFFTEJRQXcKTHpFdE1Dc0dBMVVFQXhNa00yVmpPRFU1Wm1VdFlqZ3dZeTAwWVRJMExXRm1aRGN0TWpGbU1HVXpPVGszWXpOawpNQ0FYRFRJeE1UQXhOVEUwTXpneE1Gb1lEekl3TlRFeE1EQTRNVFV6T0RFd1dqQXZNUzB3S3dZRFZRUURFeVF6ClpXTTROVGxtWlMxaU9EQmpMVFJoTWpRdFlXWmtOeTB5TVdZd1pUTTVPVGRqTTJRd2dnR2lNQTBHQ1NxR1NJYjMKRFFFQkFRVUFBNElCandBd2dnR0tBb0lCZ1FEMjZBTmM3WDVCL0oyM2lzcWJlSCtWK1l3bktmRm5LUEFxeWd0UQpHNWMvdzNISXNxQW0zVXBrbHVaNGw0eTBzbW9PLzQzZlRRZW5qQ1NvbkVUcVQ4QWxnd1ZTSHJqdGtMQU1vck5SCnFNaEdTZk5TWUwxbGVudCtPdkx1bkh5ZjJpYTFDcStqbjR5czN6bkVEb0lBV0s0elBLUHpEcW56dGVjMUxYTUgKdWYxdHVXazB5MDJmaUdFUHE5RDdxRzY1RGE0OTRGS3lIWlhERVNaZllQeXcvdWR1U2hyYWFKdE9HV0NDNXRCbgpZWG45YktuR1J0WTUySkk3NzV0SjlnamtrWHFGOGlPaUtLK2RXUkRVWnNtYU10bWFET0NHeGxtSFdjTDhaTzZICithbWcrelZmbGU5OXhjOExLSWxrRWxjSk12cjNNYWxUYWNwRlVWVjVmMkFpOGZUZGpwYSs0ZXpLZUFjUDJsM3EKWE5mVVk1VnB6d0gwVFBSTDZsVmloWnluMTVSaGNxYW9BMjF3c0E2dGYrRzRpcWNmWkVxVHlJUW94NStaMVoraApVUE1YQ2RTanFlTGsweTM5QlRZWlFidFAxTThvUG1kYVFQZzlNL2RiSkRqdEx3L1dwWkJkbUhsejVESkY0ZkxZCk9OZmpiRThRNmN3R1J4VGVlc2h4anZpSFc3MENBd0VBQWFOQ01FQXdEZ1lEVlIwUEFRSC9CQVFEQWdJRU1BOEcKQTFVZEV3RUIvd1FGTUFNQkFmOHdIUVlEVlIwT0JCWUVGSlQrT0ltSGZWZ01LL1BacW5CZ2VwRlNJRWdHTUEwRwpDU3FHU0liM0RRRUJDd1VBQTRJQmdRQm9velBGenRRem95U3VBZEVCZVJjZ2FJWWxyUEFKNTFoNEI3YnZjVGduCjQzV09XU1ZrUUdnanRodUJKSkpqcWlHTk5UWTN5cVNKenhIRmxSb2V5TDUzZzZ4UXQ3Y1dzMnlTR0k1RE02YVcKSjlxNFk5azdlVGlaT3dvVEkzNDZRTUpJZmxEeGZPTmtVMTZNQ1MvdTBWYkdqWEpEUXo5ek9oN09DSWc4SE5XVworNk1TMUNqWENTN3ZqM1hOWFJXQ0N6Q0pIU3pnN1cvaW0xNXdHTHlNc2FpLzQyUHYxTWNHRnhueWxvUWx2cCsvCkpMWnJ4TUFzUmtaYTEzMkxRdks3OGZGWHFMTWtXY3ErOEUydC91b0FVd1ZlQzlYVVdjaWdGVHowaWtIdDNJcnEKY1lrc0JsdUgvTi91a3VHZ0taM3IvRGljcWt2YmdHRjdjRzltUm9iK2ZaWWNDS2lETTJKM3pNL2VzVkVvUUo0TQpNb0dST1ZWdE9rWXptK3VQYnBNYmlvY0FZd0lZanoxWnpOK2p3OXM1VnkvWDR4anpmQ0h0ZDFQTFZvdUM5TytXCk04WmFyYjBYZWw5Y0txZHJwSWpoUjVCMCtlam54eUk4UDZXMzloOG13eFFtMGt2WEpONFpVYWwvS212WVdha0UKT2EvaXJYQjVDMk5EcTdJRzJIc2J0MlU9Ci0tLS0tRU5EIENFUlRJRklDQVRFLS0tLS0K",
                "password": "",
                "username": ""
              }
            ],
            "master_authorized_networks_config": [],
            "master_version": "1.20.10-gke.301",
            "min_master_version": null,
            "monitoring_config": [
              {
                "enable_components": [
                  "SYSTEM_COMPONENTS"
                ]
              }
            ],
            "monitoring_service": "monitoring.googleapis.com/kubernetes",
            "name": "test-gke-cluster-1",
            "network": "projects/myproject-7777777/global/networks/default",
            "network_policy": [
              {
                "enabled": false,
                "provider": "PROVIDER_UNSPECIFIED"
              }
            ],
            "networking_mode": "ROUTES",
            "node_config": [],
            "node_locations": [
              "europe-west1-b",
              "europe-west1-c",
              "europe-west1-d"
            ],
            "node_pool": [],
            "node_version": "1.20.10-gke.301",
            "operation": null,
            "pod_security_policy_config": [],
            "private_cluster_config": [],
            "private_ipv6_google_access": "",
            "project": "myproject-7777777",
            "release_channel": [
              {
                "channel": "REGULAR"
              }
            ],
            "remove_default_node_pool": true,
            "resource_labels": {},
            "resource_usage_export_config": [],
            "self_link": "https://container.googleapis.com/v1beta1/projects/myproject-7777777/locations/europe-west1/clusters/test-gke-cluster-1",
            "services_ipv4_cidr": "10.3.240.0/20",
            "subnetwork": "projects/myproject-7777777/regions/europe-west1/subnetworks/default",
            "timeouts": null,
            "tpu_ipv4_cidr_block": "",
            "vertical_pod_autoscaling": [],
            "workload_identity_config": []
          },
          "sensitive_attributes": [],
          "private": "eyJlMmJmYjczMC1lY2FhLTExZTYtOGY4OC0zNDM2M2JjN2M0YzAiOnsiY3JlYXRlIjoyNDAwMDAwMDAwMDAwLCJkZWxldGUiOjI0MDAwMDAwMDAwMDAsInJlYWQiOjI0MDAwMDAwMDAwMDAsInVwZGF0ZSI6MzYwMDAwMDAwMDAwMH0sInNjaGVtYV92ZXJzaW9uIjoiMSJ9"
        },
        {
          "index_key": "gke_cluster_test2",
          "schema_version": 1,
          "attributes": {
            "addons_config": [
              {
                "cloudrun_config": [],
                "horizontal_pod_autoscaling": [],
                "http_load_balancing": [],
                "network_policy_config": [
                  {
                    "disabled": true
                  }
                ]
              }
            ],
            "authenticator_groups_config": [],
            "cluster_autoscaling": [
              {
                "auto_provisioning_defaults": [],
                "enabled": false,
                "resource_limits": []
              }
            ],
            "cluster_ipv4_cidr": "10.52.0.0/14",
            "database_encryption": [
              {
                "key_name": "",
                "state": "DECRYPTED"
              }
            ],
            "datapath_provider": "",
            "default_max_pods_per_node": null,
            "default_snat_status": [
              {
                "disabled": false
              }
            ],
            "description": "",
            "enable_autopilot": false,
            "enable_binary_authorization": false,
            "enable_intranode_visibility": false,
            "enable_kubernetes_alpha": false,
            "enable_legacy_abac": false,
            "enable_shielded_nodes": false,
            "enable_tpu": false,
            "endpoint": "34.77.124.220",
            "id": "projects/myproject-7777777/locations/europe-west1/clusters/test-gke-cluster-2",
            "initial_node_count": 1,
            "instance_group_urls": [],
            "ip_allocation_policy": [],
            "label_fingerprint": "a9dc16a7",
            "location": "europe-west1",
            "logging_config": [
              {
                "enable_components": [
                  "SYSTEM_COMPONENTS",
                  "WORKLOADS"
                ]
              }
            ],
            "logging_service": "logging.googleapis.com/kubernetes",
            "maintenance_policy": [],
            "master_auth": [
              {
                "client_certificate": "",
                "client_certificate_config": [
                  {
                    "issue_client_certificate": false
                  }
                ],
                "client_key": "",
                "cluster_ca_certificate": "LS0tLS1CRUdJTiBDRVJUSUZJQ0FURS0tLS0tCk1JSUVLekNDQXBPZ0F3SUJBZ0lQWWRlY2U5ZWh0LzYvdnZKQTB3UGZNQTBHQ1NxR1NJYjNEUUVCQ3dVQU1DOHgKTFRBckJnTlZCQU1USkRObU1XRXpZVGd6TFRZek4yRXROR1ExWVMxaFlXSXhMV1psT0dFNU56QTJaRFppTkRBZwpGdzB5TVRFd01UVXhORFV4TlRSYUdBOHlNRFV4TVRBd09ERTFOVEUxTkZvd0x6RXRNQ3NHQTFVRUF4TWtNMll4CllUTmhPRE10TmpNM1lTMDBaRFZoTFdGaFlqRXRabVU0WVRrM01EWmtObUkwTUlJQm9qQU5CZ2txaGtpRzl3MEIKQVFFRkFBT0NBWThBTUlJQmlnS0NBWUVBdDh4Zk1GQTNnVzBiVkdvMEl0SUhiRyt4ZXpFU1gvZ3EvQVYxNWtkbwpsQTFuZFlsR0RJc1dnTEMzR0VZMEtmK0VaSHZ3WUdQcWVNaFlyc3IxOUM3Z0lvamlzRGN4Z0cwTWVGZFhLOEVhCktJbjh5bTZta2xBdVNoRFFWcHFVZE1uN00yUWpqV0JRWVBsbkEvNTRCYlJLZ2c0aDNZZGtyS3lOOGw1VlhUNUEKU2xHUHJPUUZRd2h2NlNJNndKL3N0ZURkcnpFemQvbXBnQUFCK0UwK2kySGs3U2FxdzRXMTErSzNvVEpPR0E4VwpVWWJNOUxndmxtVElBY0ZlenRPOEFRNTY4MkZ6MTl1VzVmTEVtNFUxMnpRemw0UjNWNW1KRVFtbVgxd0NIMW5DClk5Z0hvMzF4QVN4ZC9ZeUY4Um9XRDRUSUI1RjRGaUhWbUNQM3NINW9VTFM2aVk4N1ltaExyOXpmSCsybGR3RjAKcDhwNytEVlAzeWp3aCtHUW1Td2RJVkZmRDBPYkNFSFNBak01eldZLzRoeHNJNWJaaEVhTm4yQVRmcDFycEUzcQo0ODQyT2ZHeks5eFZjQ2dHUmxsNCs4bVlCMlBRNWROc2orMWN1aWh1cE4zWWpnZXZxMmVHU3pFOFVVdFRmOWgzCmVENHJNRGhUZS8wQ0c4ekkzSVQzQVE4bkFnTUJBQUdqUWpCQU1BNEdBMVVkRHdFQi93UUVBd0lDQkRBUEJnTlYKSFJNQkFmOEVCVEFEQVFIL01CMEdBMVVkRGdRV0JCUXdZYWMwa1FHVGZXWmgwTy9IdDFhMzV4MGoxakFOQmdrcQpoa2lHOXcwQkFRc0ZBQU9DQVlFQUdPK014cXV1anlUc3ZPL0dVK2NwYVdXMVRoak1UbHpualJJc1FtZE1xV0puCldOOEMrQVU4a2QzTUJwck5rd1ZwU2F5VjFGZ0ppczlDY1ZqbVNPNEQzcFlyTjBJNWxrakU0eDduaFJBMzc2RFkKOVJVR0VjU0RyVTN0VGVYTGt4NWtGQ2NQbzJTYlRiYXZvZHY5amdGcVNWekd0aW9aQ3FnRHRwRFE3b3BnZ1ZzaQpZMkQvcEdTNVh2aEZCZjZoSmpvc0NHRHlCSUxscnJpUk5SWVNTKzZrNEEwQ1MwRWlvY0U4WUEvaDFuTkFSNk1SCjRJR0ovRzVHQkpRSE1CbkRCR2NFS1ZDK3RQcmY3dnJCSGRKU3RDN1Y5QmtDVDBmSmVGQzlvb3hHeGdxSzNTamkKcWtSVjNZUlJDbllkd0pGeHFqOHcrRDhGVnk2NFBJTWJ1V3VISXp6TGZGZ0hEY3NNcDFHdDNwUCtsYS9RUHV2YQp3T0VTRXRkYm1uYjVnYVNYd1JON1dzZ0tQOHlxZzlCc1dZcWVoNHl4SDJmNVJYMS9vRVJyRHpzeEREejZEcjlmCnllZTVwMXVHcWJhNndSd1RiSElNM2Y2UFFBWGdTNjllZmtxQ3l0R2ZqSDNGNXo2VmZ2QkcxOGtSR1JXRFZTcGoKWTUwN2xNNFBuSDhPTHVabjcrRkgKLS0tLS1FTkQgQ0VSVElGSUNBVEUtLS0tLQo=",
                "password": "",
                "username": ""
              }
            ],
            "master_authorized_networks_config": [],
            "master_version": "1.20.10-gke.301",
            "min_master_version": null,
            "monitoring_config": [
              {
                "enable_components": [
                  "SYSTEM_COMPONENTS"
                ]
              }
            ],
            "monitoring_service": "monitoring.googleapis.com/kubernetes",
            "name": "test-gke-cluster-2",
            "network": "projects/myproject-7777777/global/networks/default",
            "network_policy": [
              {
                "enabled": false,
                "provider": "PROVIDER_UNSPECIFIED"
              }
            ],
            "networking_mode": "ROUTES",
            "node_config": [],
            "node_locations": [
              "europe-west1-b",
              "europe-west1-c",
              "europe-west1-d"
            ],
            "node_pool": [],
            "node_version": "1.20.10-gke.301",
            "operation": null,
            "pod_security_policy_config": [],
            "private_cluster_config": [],
            "private_ipv6_google_access": "",
            "project": "myproject-7777777",
            "release_channel": [
              {
                "channel": "REGULAR"
              }
            ],
            "remove_default_node_pool": true,
            "resource_labels": null,
            "resource_usage_export_config": [],
            "self_link": "https://container.googleapis.com/v1beta1/projects/myproject-7777777/locations/europe-west1/clusters/test-gke-cluster-2",
            "services_ipv4_cidr": "10.55.240.0/20",
            "subnetwork": "projects/myproject-7777777/regions/europe-west1/subnetworks/default",
            "timeouts": null,
            "tpu_ipv4_cidr_block": "",
            "vertical_pod_autoscaling": [],
            "workload_identity_config": []
          },
          "sensitive_attributes": [],
          "private": "eyJlMmJmYjczMC1lY2FhLTExZTYtOGY4OC0zNDM2M2JjN2M0YzAiOnsiY3JlYXRlIjoyNDAwMDAwMDAwMDAwLCJkZWxldGUiOjI0MDAwMDAwMDAwMDAsInJlYWQiOjI0MDAwMDAwMDAwMDAsInVwZGF0ZSI6MzYwMDAwMDAwMDAwMH0sInNjaGVtYV92ZXJzaW9uIjoiMSJ9"
        }
      ]
    },
    {
      "mode": "managed",
      "type": "google_container_node_pool",
      "name": "test_node_pool",
      "provider": "provider[\"registry.terraform.io/hashicorp/google\"]",
      "instances": [
        {
          "index_key": "test-gke-cluster-1:europe-west1:test-gke-node-pool-1",
          "status": "tainted",
          "schema_version": 1,
          "attributes": {
            "autoscaling": [],
            "cluster": "test-gke-cluster-1",
            "id": "projects/myproject-7777777/locations/europe-west1/clusters/test-gke-cluster-1/nodePools/test-gke-node-pool-1",
            "initial_node_count": null,
            "instance_group_urls": null,
            "location": "europe-west1",
            "management": null,
            "max_pods_per_node": null,
            "name": "test-gke-node-pool-1",
            "name_prefix": null,
            "node_config": [
              {
                "disk_size_gb": 10,
                "disk_type": "pd-standard",
                "guest_accelerator": [],
                "image_type": "",
                "labels": {},
                "local_ssd_count": 0,
                "machine_type": "e2-medium",
                "metadata": {},
                "min_cpu_platform": "",
                "oauth_scopes": [
                  "https://www.googleapis.com/auth/cloud-platform"
                ],
                "preemptible": true,
                "service_account": "test-terraform1@myproject-7777777.iam.gserviceaccount.com",
                "shielded_instance_config": [],
                "tags": null,
                "taint": [],
                "workload_metadata_config": []
              }
            ],
            "node_count": 2,
            "node_locations": [],
            "operation": null,
            "project": null,
            "timeouts": null,
            "upgrade_settings": null,
            "version": null
          },
          "sensitive_attributes": [],
          "private": "eyJlMmJmYjczMC1lY2FhLTExZTYtOGY4OC0zNDM2M2JjN2M0YzAiOnsiY3JlYXRlIjoxODAwMDAwMDAwMDAwLCJkZWxldGUiOjE4MDAwMDAwMDAwMDAsInVwZGF0ZSI6MTgwMDAwMDAwMDAwMH0sInNjaGVtYV92ZXJzaW9uIjoiMSJ9"
        },
        {
          "index_key": "test-gke-cluster-1:europe-west1:test-gke-node-pool-2",
          "status": "tainted",
          "schema_version": 1,
          "attributes": {
            "autoscaling": [],
            "cluster": "test-gke-cluster-1",
            "id": "projects/myproject-7777777/locations/europe-west1/clusters/test-gke-cluster-1/nodePools/test-gke-node-pool-2",
            "initial_node_count": null,
            "instance_group_urls": null,
            "location": "europe-west1",
            "management": null,
            "max_pods_per_node": null,
            "name": "test-gke-node-pool-2",
            "name_prefix": null,
            "node_config": [
              {
                "disk_size_gb": 10,
                "disk_type": "pd-standard",
                "guest_accelerator": [],
                "image_type": "",
                "labels": {},
                "local_ssd_count": 0,
                "machine_type": "e2-medium",
                "metadata": {},
                "min_cpu_platform": "",
                "oauth_scopes": [
                  "https://www.googleapis.com/auth/cloud-platform"
                ],
                "preemptible": true,
                "service_account": "test-terraform1@myproject-7777777.iam.gserviceaccount.com",
                "shielded_instance_config": [],
                "tags": null,
                "taint": [],
                "workload_metadata_config": []
              }
            ],
            "node_count": 2,
            "node_locations": [],
            "operation": null,
            "project": null,
            "timeouts": null,
            "upgrade_settings": null,
            "version": null
          },
          "sensitive_attributes": [],
          "private": "eyJlMmJmYjczMC1lY2FhLTExZTYtOGY4OC0zNDM2M2JjN2M0YzAiOnsiY3JlYXRlIjoxODAwMDAwMDAwMDAwLCJkZWxldGUiOjE4MDAwMDAwMDAwMDAsInVwZGF0ZSI6MTgwMDAwMDAwMDAwMH0sInNjaGVtYV92ZXJzaW9uIjoiMSJ9"
        },
        {
          "index_key": "test-gke-cluster-2:europe-west1:test-gke-node-pool-3",
          "status": "tainted",
          "schema_version": 1,
          "attributes": {
            "autoscaling": [],
            "cluster": "test-gke-cluster-2",
            "id": "projects/myproject-7777777/locations/europe-west1/clusters/test-gke-cluster-2/nodePools/test-gke-node-pool-3",
            "initial_node_count": null,
            "instance_group_urls": null,
            "location": "europe-west1",
            "management": null,
            "max_pods_per_node": null,
            "name": "test-gke-node-pool-3",
            "name_prefix": null,
            "node_config": [
              {
                "disk_size_gb": 10,
                "disk_type": "pd-standard",
                "guest_accelerator": [],
                "image_type": "",
                "labels": {},
                "local_ssd_count": 0,
                "machine_type": "e2-medium",
                "metadata": {},
                "min_cpu_platform": "",
                "oauth_scopes": [
                  "https://www.googleapis.com/auth/cloud-platform"
                ],
                "preemptible": true,
                "service_account": "test-terraform2@myproject-7777777.iam.gserviceaccount.com",
                "shielded_instance_config": [],
                "tags": null,
                "taint": [],
                "workload_metadata_config": []
              }
            ],
            "node_count": 2,
            "node_locations": [],
            "operation": null,
            "project": null,
            "timeouts": null,
            "upgrade_settings": null,
            "version": null
          },
          "sensitive_attributes": [],
          "private": "eyJlMmJmYjczMC1lY2FhLTExZTYtOGY4OC0zNDM2M2JjN2M0YzAiOnsiY3JlYXRlIjoxODAwMDAwMDAwMDAwLCJkZWxldGUiOjE4MDAwMDAwMDAwMDAsInVwZGF0ZSI6MTgwMDAwMDAwMDAwMH0sInNjaGVtYV92ZXJzaW9uIjoiMSJ9"
        },
        {
          "index_key": "test-gke-cluster-2:europe-west1:test-gke-node-pool-4",
          "status": "tainted",
          "schema_version": 1,
          "attributes": {
            "autoscaling": [],
            "cluster": "test-gke-cluster-2",
            "id": "projects/myproject-7777777/locations/europe-west1/clusters/test-gke-cluster-2/nodePools/test-gke-node-pool-4",
            "initial_node_count": null,
            "instance_group_urls": null,
            "location": "europe-west1",
            "management": null,
            "max_pods_per_node": null,
            "name": "test-gke-node-pool-4",
            "name_prefix": null,
            "node_config": [
              {
                "disk_size_gb": 10,
                "disk_type": "pd-standard",
                "guest_accelerator": [],
                "image_type": "",
                "labels": {},
                "local_ssd_count": 0,
                "machine_type": "e2-medium",
                "metadata": {},
                "min_cpu_platform": "",
                "oauth_scopes": [
                  "https://www.googleapis.com/auth/cloud-platform"
                ],
                "preemptible": true,
                "service_account": "test-terraform2@myproject-7777777.iam.gserviceaccount.com",
                "shielded_instance_config": [],
                "tags": null,
                "taint": [],
                "workload_metadata_config": []
              }
            ],
            "node_count": 2,
            "node_locations": [],
            "operation": null,
            "project": null,
            "timeouts": null,
            "upgrade_settings": null,
            "version": null
          },
          "sensitive_attributes": [],
          "private": "eyJlMmJmYjczMC1lY2FhLTExZTYtOGY4OC0zNDM2M2JjN2M0YzAiOnsiY3JlYXRlIjoxODAwMDAwMDAwMDAwLCJkZWxldGUiOjE4MDAwMDAwMDAwMDAsInVwZGF0ZSI6MTgwMDAwMDAwMDAwMH0sInNjaGVtYV92ZXJzaW9uIjoiMSJ9"
        }
      ]
    }
  ]
}
